// !$*UTF8*$!
{
	archiveVersion = 1;
	classes = {
	};
	objectVersion = 50;
	objects = {

/* Begin PBXBuildFile section */
		7CE584CD24B1F19300281866 /* AppDelegate.swift in Sources */ = {isa = PBXBuildFile; fileRef = 7CE584CC24B1F19300281866 /* AppDelegate.swift */; };
		7CE584CF24B1F19300281866 /* SceneDelegate.swift in Sources */ = {isa = PBXBuildFile; fileRef = 7CE584CE24B1F19300281866 /* SceneDelegate.swift */; };
		7CE584D124B1F19300281866 /* ViewController.swift in Sources */ = {isa = PBXBuildFile; fileRef = 7CE584D024B1F19300281866 /* ViewController.swift */; };
		7CE584D424B1F19300281866 /* Main.storyboard in Resources */ = {isa = PBXBuildFile; fileRef = 7CE584D224B1F19300281866 /* Main.storyboard */; };
		7CE584D624B1F19400281866 /* Assets.xcassets in Resources */ = {isa = PBXBuildFile; fileRef = 7CE584D524B1F19400281866 /* Assets.xcassets */; };
		7CE584D924B1F19400281866 /* LaunchScreen.storyboard in Resources */ = {isa = PBXBuildFile; fileRef = 7CE584D724B1F19400281866 /* LaunchScreen.storyboard */; };
		7CE584E424B1F19400281866 /* YoutubeAppTests.swift in Sources */ = {isa = PBXBuildFile; fileRef = 7CE584E324B1F19400281866 /* YoutubeAppTests.swift */; };
		7CE584EF24B1F19400281866 /* YoutubeAppUITests.swift in Sources */ = {isa = PBXBuildFile; fileRef = 7CE584EE24B1F19400281866 /* YoutubeAppUITests.swift */; };
/* End PBXBuildFile section */

/* Begin PBXContainerItemProxy section */
		7CE584E024B1F19400281866 /* PBXContainerItemProxy */ = {
			isa = PBXContainerItemProxy;
			containerPortal = 7CE584C124B1F19300281866 /* Project object */;
			proxyType = 1;
			remoteGlobalIDString = 7CE584C824B1F19300281866;
			remoteInfo = YoutubeApp;
		};
		7CE584EB24B1F19400281866 /* PBXContainerItemProxy */ = {
			isa = PBXContainerItemProxy;
			containerPortal = 7CE584C124B1F19300281866 /* Project object */;
			proxyType = 1;
			remoteGlobalIDString = 7CE584C824B1F19300281866;
			remoteInfo = YoutubeApp;
		};
/* End PBXContainerItemProxy section */

/* Begin PBXFileReference section */
		7CE584C924B1F19300281866 /* YoutubeApp.app */ = {isa = PBXFileReference; explicitFileType = wrapper.application; includeInIndex = 0; path = YoutubeApp.app; sourceTree = BUILT_PRODUCTS_DIR; };
		7CE584CC24B1F19300281866 /* AppDelegate.swift */ = {isa = PBXFileReference; lastKnownFileType = sourcecode.swift; path = AppDelegate.swift; sourceTree = "<group>"; };
		7CE584CE24B1F19300281866 /* SceneDelegate.swift */ = {isa = PBXFileReference; lastKnownFileType = sourcecode.swift; path = SceneDelegate.swift; sourceTree = "<group>"; };
		7CE584D024B1F19300281866 /* ViewController.swift */ = {isa = PBXFileReference; lastKnownFileType = sourcecode.swift; path = ViewController.swift; sourceTree = "<group>"; };
		7CE584D324B1F19300281866 /* Base */ = {isa = PBXFileReference; lastKnownFileType = file.storyboard; name = Base; path = Base.lproj/Main.storyboard; sourceTree = "<group>"; };
		7CE584D524B1F19400281866 /* Assets.xcassets */ = {isa = PBXFileReference; lastKnownFileType = folder.assetcatalog; path = Assets.xcassets; sourceTree = "<group>"; };
		7CE584D824B1F19400281866 /* Base */ = {isa = PBXFileReference; lastKnownFileType = file.storyboard; name = Base; path = Base.lproj/LaunchScreen.storyboard; sourceTree = "<group>"; };
		7CE584DA24B1F19400281866 /* Info.plist */ = {isa = PBXFileReference; lastKnownFileType = text.plist.xml; path = Info.plist; sourceTree = "<group>"; };
		7CE584DF24B1F19400281866 /* YoutubeAppTests.xctest */ = {isa = PBXFileReference; explicitFileType = wrapper.cfbundle; includeInIndex = 0; path = YoutubeAppTests.xctest; sourceTree = BUILT_PRODUCTS_DIR; };
		7CE584E324B1F19400281866 /* YoutubeAppTests.swift */ = {isa = PBXFileReference; lastKnownFileType = sourcecode.swift; path = YoutubeAppTests.swift; sourceTree = "<group>"; };
		7CE584E524B1F19400281866 /* Info.plist */ = {isa = PBXFileReference; lastKnownFileType = text.plist.xml; path = Info.plist; sourceTree = "<group>"; };
		7CE584EA24B1F19400281866 /* YoutubeAppUITests.xctest */ = {isa = PBXFileReference; explicitFileType = wrapper.cfbundle; includeInIndex = 0; path = YoutubeAppUITests.xctest; sourceTree = BUILT_PRODUCTS_DIR; };
		7CE584EE24B1F19400281866 /* YoutubeAppUITests.swift */ = {isa = PBXFileReference; lastKnownFileType = sourcecode.swift; path = YoutubeAppUITests.swift; sourceTree = "<group>"; };
		7CE584F024B1F19400281866 /* Info.plist */ = {isa = PBXFileReference; lastKnownFileType = text.plist.xml; path = Info.plist; sourceTree = "<group>"; };
/* End PBXFileReference section */

/* Begin PBXFrameworksBuildPhase section */
		7CE584C624B1F19300281866 /* Frameworks */ = {
			isa = PBXFrameworksBuildPhase;
			buildActionMask = 2147483647;
			files = (
			);
			runOnlyForDeploymentPostprocessing = 0;
		};
		7CE584DC24B1F19400281866 /* Frameworks */ = {
			isa = PBXFrameworksBuildPhase;
			buildActionMask = 2147483647;
			files = (
			);
			runOnlyForDeploymentPostprocessing = 0;
		};
		7CE584E724B1F19400281866 /* Frameworks */ = {
			isa = PBXFrameworksBuildPhase;
			buildActionMask = 2147483647;
			files = (
			);
			runOnlyForDeploymentPostprocessing = 0;
		};
/* End PBXFrameworksBuildPhase section */

/* Begin PBXGroup section */
		7CE584C024B1F19300281866 = {
			isa = PBXGroup;
			children = (
				7CE584CB24B1F19300281866 /* YoutubeApp */,
				7CE584E224B1F19400281866 /* YoutubeAppTests */,
				7CE584ED24B1F19400281866 /* YoutubeAppUITests */,
				7CE584CA24B1F19300281866 /* Products */,
			);
			sourceTree = "<group>";
		};
		7CE584CA24B1F19300281866 /* Products */ = {
			isa = PBXGroup;
			children = (
				7CE584C924B1F19300281866 /* YoutubeApp.app */,
				7CE584DF24B1F19400281866 /* YoutubeAppTests.xctest */,
				7CE584EA24B1F19400281866 /* YoutubeAppUITests.xctest */,
			);
			name = Products;
			sourceTree = "<group>";
		};
		7CE584CB24B1F19300281866 /* YoutubeApp */ = {
			isa = PBXGroup;
			children = (
				7CE584CC24B1F19300281866 /* AppDelegate.swift */,
				7CE584CE24B1F19300281866 /* SceneDelegate.swift */,
				7CE584D024B1F19300281866 /* ViewController.swift */,
				7CE584D224B1F19300281866 /* Main.storyboard */,
				7CE584D524B1F19400281866 /* Assets.xcassets */,
				7CE584D724B1F19400281866 /* LaunchScreen.storyboard */,
				7CE584DA24B1F19400281866 /* Info.plist */,
			);
			path = YoutubeApp;
			sourceTree = "<group>";
		};
		7CE584E224B1F19400281866 /* YoutubeAppTests */ = {
			isa = PBXGroup;
			children = (
				7CE584E324B1F19400281866 /* YoutubeAppTests.swift */,
				7CE584E524B1F19400281866 /* Info.plist */,
			);
			path = YoutubeAppTests;
			sourceTree = "<group>";
		};
		7CE584ED24B1F19400281866 /* YoutubeAppUITests */ = {
			isa = PBXGroup;
			children = (
				7CE584EE24B1F19400281866 /* YoutubeAppUITests.swift */,
				7CE584F024B1F19400281866 /* Info.plist */,
			);
			path = YoutubeAppUITests;
			sourceTree = "<group>";
		};
/* End PBXGroup section */

/* Begin PBXNativeTarget section */
		7CE584C824B1F19300281866 /* YoutubeApp */ = {
			isa = PBXNativeTarget;
			buildConfigurationList = 7CE584F324B1F19400281866 /* Build configuration list for PBXNativeTarget "YoutubeApp" */;
			buildPhases = (
				7CE584C524B1F19300281866 /* Sources */,
				7CE584C624B1F19300281866 /* Frameworks */,
				7CE584C724B1F19300281866 /* Resources */,
			);
			buildRules = (
			);
			dependencies = (
			);
			name = YoutubeApp;
			productName = YoutubeApp;
			productReference = 7CE584C924B1F19300281866 /* YoutubeApp.app */;
			productType = "com.apple.product-type.application";
		};
		7CE584DE24B1F19400281866 /* YoutubeAppTests */ = {
			isa = PBXNativeTarget;
			buildConfigurationList = 7CE584F624B1F19400281866 /* Build configuration list for PBXNativeTarget "YoutubeAppTests" */;
			buildPhases = (
				7CE584DB24B1F19400281866 /* Sources */,
				7CE584DC24B1F19400281866 /* Frameworks */,
				7CE584DD24B1F19400281866 /* Resources */,
			);
			buildRules = (
			);
			dependencies = (
				7CE584E124B1F19400281866 /* PBXTargetDependency */,
			);
			name = YoutubeAppTests;
			productName = YoutubeAppTests;
			productReference = 7CE584DF24B1F19400281866 /* YoutubeAppTests.xctest */;
			productType = "com.apple.product-type.bundle.unit-test";
		};
		7CE584E924B1F19400281866 /* YoutubeAppUITests */ = {
			isa = PBXNativeTarget;
			buildConfigurationList = 7CE584F924B1F19400281866 /* Build configuration list for PBXNativeTarget "YoutubeAppUITests" */;
			buildPhases = (
				7CE584E624B1F19400281866 /* Sources */,
				7CE584E724B1F19400281866 /* Frameworks */,
				7CE584E824B1F19400281866 /* Resources */,
			);
			buildRules = (
			);
			dependencies = (
				7CE584EC24B1F19400281866 /* PBXTargetDependency */,
			);
			name = YoutubeAppUITests;
			productName = YoutubeAppUITests;
			productReference = 7CE584EA24B1F19400281866 /* YoutubeAppUITests.xctest */;
			productType = "com.apple.product-type.bundle.ui-testing";
		};
/* End PBXNativeTarget section */

/* Begin PBXProject section */
		7CE584C124B1F19300281866 /* Project object */ = {
			isa = PBXProject;
			attributes = {
				LastSwiftUpdateCheck = 1140;
				LastUpgradeCheck = 1140;
				ORGANIZATIONNAME = Uske;
				TargetAttributes = {
					7CE584C824B1F19300281866 = {
						CreatedOnToolsVersion = 11.4.1;
					};
					7CE584DE24B1F19400281866 = {
						CreatedOnToolsVersion = 11.4.1;
						TestTargetID = 7CE584C824B1F19300281866;
					};
					7CE584E924B1F19400281866 = {
						CreatedOnToolsVersion = 11.4.1;
						TestTargetID = 7CE584C824B1F19300281866;
					};
				};
			};
			buildConfigurationList = 7CE584C424B1F19300281866 /* Build configuration list for PBXProject "YoutubeApp" */;
			compatibilityVersion = "Xcode 9.3";
			developmentRegion = en;
			hasScannedForEncodings = 0;
			knownRegions = (
				en,
				Base,
			);
			mainGroup = 7CE584C024B1F19300281866;
			productRefGroup = 7CE584CA24B1F19300281866 /* Products */;
			projectDirPath = "";
			projectRoot = "";
			targets = (
				7CE584C824B1F19300281866 /* YoutubeApp */,
				7CE584DE24B1F19400281866 /* YoutubeAppTests */,
				7CE584E924B1F19400281866 /* YoutubeAppUITests */,
			);
		};
/* End PBXProject section */

/* Begin PBXResourcesBuildPhase section */
		7CE584C724B1F19300281866 /* Resources */ = {
			isa = PBXResourcesBuildPhase;
			buildActionMask = 2147483647;
			files = (
				7CE584D924B1F19400281866 /* LaunchScreen.storyboard in Resources */,
				7CE584D624B1F19400281866 /* Assets.xcassets in Resources */,
				7CE584D424B1F19300281866 /* Main.storyboard in Resources */,
			);
			runOnlyForDeploymentPostprocessing = 0;
		};
		7CE584DD24B1F19400281866 /* Resources */ = {
			isa = PBXResourcesBuildPhase;
			buildActionMask = 2147483647;
			files = (
			);
			runOnlyForDeploymentPostprocessing = 0;
		};
		7CE584E824B1F19400281866 /* Resources */ = {
			isa = PBXResourcesBuildPhase;
			buildActionMask = 2147483647;
			files = (
			);
			runOnlyForDeploymentPostprocessing = 0;
		};
/* End PBXResourcesBuildPhase section */

/* Begin PBXSourcesBuildPhase section */
		7CE584C524B1F19300281866 /* Sources */ = {
			isa = PBXSourcesBuildPhase;
			buildActionMask = 2147483647;
			files = (
				7CE584D124B1F19300281866 /* ViewController.swift in Sources */,
				7CE584CD24B1F19300281866 /* AppDelegate.swift in Sources */,
				7CE584CF24B1F19300281866 /* SceneDelegate.swift in Sources */,
			);
			runOnlyForDeploymentPostprocessing = 0;
		};
		7CE584DB24B1F19400281866 /* Sources */ = {
			isa = PBXSourcesBuildPhase;
			buildActionMask = 2147483647;
			files = (
				7CE584E424B1F19400281866 /* YoutubeAppTests.swift in Sources */,
			);
			runOnlyForDeploymentPostprocessing = 0;
		};
		7CE584E624B1F19400281866 /* Sources */ = {
			isa = PBXSourcesBuildPhase;
			buildActionMask = 2147483647;
			files = (
				7CE584EF24B1F19400281866 /* YoutubeAppUITests.swift in Sources */,
			);
			runOnlyForDeploymentPostprocessing = 0;
		};
/* End PBXSourcesBuildPhase section */

/* Begin PBXTargetDependency section */
		7CE584E124B1F19400281866 /* PBXTargetDependency */ = {
			isa = PBXTargetDependency;
			target = 7CE584C824B1F19300281866 /* YoutubeApp */;
			targetProxy = 7CE584E024B1F19400281866 /* PBXContainerItemProxy */;
		};
		7CE584EC24B1F19400281866 /* PBXTargetDependency */ = {
			isa = PBXTargetDependency;
			target = 7CE584C824B1F19300281866 /* YoutubeApp */;
			targetProxy = 7CE584EB24B1F19400281866 /* PBXContainerItemProxy */;
		};
/* End PBXTargetDependency section */

/* Begin PBXVariantGroup section */
		7CE584D224B1F19300281866 /* Main.storyboard */ = {
			isa = PBXVariantGroup;
			children = (
				7CE584D324B1F19300281866 /* Base */,
			);
			name = Main.storyboard;
			sourceTree = "<group>";
		};
		7CE584D724B1F19400281866 /* LaunchScreen.storyboard */ = {
			isa = PBXVariantGroup;
			children = (
				7CE584D824B1F19400281866 /* Base */,
			);
			name = LaunchScreen.storyboard;
			sourceTree = "<group>";
		};
/* End PBXVariantGroup section */

/* Begin XCBuildConfiguration section */
		7CE584F124B1F19400281866 /* Debug */ = {
			isa = XCBuildConfiguration;
			buildSettings = {
				ALWAYS_SEARCH_USER_PATHS = NO;
				CLANG_ANALYZER_NONNULL = YES;
				CLANG_ANALYZER_NUMBER_OBJECT_CONVERSION = YES_AGGRESSIVE;
				CLANG_CXX_LANGUAGE_STANDARD = "gnu++14";
				CLANG_CXX_LIBRARY = "libc++";
				CLANG_ENABLE_MODULES = YES;
				CLANG_ENABLE_OBJC_ARC = YES;
				CLANG_ENABLE_OBJC_WEAK = YES;
				CLANG_WARN_BLOCK_CAPTURE_AUTORELEASING = YES;
				CLANG_WARN_BOOL_CONVERSION = YES;
				CLANG_WARN_COMMA = YES;
				CLANG_WARN_CONSTANT_CONVERSION = YES;
				CLANG_WARN_DEPRECATED_OBJC_IMPLEMENTATIONS = YES;
				CLANG_WARN_DIRECT_OBJC_ISA_USAGE = YES_ERROR;
				CLANG_WARN_DOCUMENTATION_COMMENTS = YES;
				CLANG_WARN_EMPTY_BODY = YES;
				CLANG_WARN_ENUM_CONVERSION = YES;
				CLANG_WARN_INFINITE_RECURSION = YES;
				CLANG_WARN_INT_CONVERSION = YES;
				CLANG_WARN_NON_LITERAL_NULL_CONVERSION = YES;
				CLANG_WARN_OBJC_IMPLICIT_RETAIN_SELF = YES;
				CLANG_WARN_OBJC_LITERAL_CONVERSION = YES;
				CLANG_WARN_OBJC_ROOT_CLASS = YES_ERROR;
				CLANG_WARN_RANGE_LOOP_ANALYSIS = YES;
				CLANG_WARN_STRICT_PROTOTYPES = YES;
				CLANG_WARN_SUSPICIOUS_MOVE = YES;
				CLANG_WARN_UNGUARDED_AVAILABILITY = YES_AGGRESSIVE;
				CLANG_WARN_UNREACHABLE_CODE = YES;
				CLANG_WARN__DUPLICATE_METHOD_MATCH = YES;
				COPY_PHASE_STRIP = NO;
				DEBUG_INFORMATION_FORMAT = dwarf;
				ENABLE_STRICT_OBJC_MSGSEND = YES;
				ENABLE_TESTABILITY = YES;
				GCC_C_LANGUAGE_STANDARD = gnu11;
				GCC_DYNAMIC_NO_PIC = NO;
				GCC_NO_COMMON_BLOCKS = YES;
				GCC_OPTIMIZATION_LEVEL = 0;
				GCC_PREPROCESSOR_DEFINITIONS = (
					"DEBUG=1",
					"$(inherited)",
				);
				GCC_WARN_64_TO_32_BIT_CONVERSION = YES;
				GCC_WARN_ABOUT_RETURN_TYPE = YES_ERROR;
				GCC_WARN_UNDECLARED_SELECTOR = YES;
				GCC_WARN_UNINITIALIZED_AUTOS = YES_AGGRESSIVE;
				GCC_WARN_UNUSED_FUNCTION = YES;
				GCC_WARN_UNUSED_VARIABLE = YES;
				IPHONEOS_DEPLOYMENT_TARGET = 13.4;
				MTL_ENABLE_DEBUG_INFO = INCLUDE_SOURCE;
				MTL_FAST_MATH = YES;
				ONLY_ACTIVE_ARCH = YES;
				SDKROOT = iphoneos;
				SWIFT_ACTIVE_COMPILATION_CONDITIONS = DEBUG;
				SWIFT_OPTIMIZATION_LEVEL = "-Onone";
			};
			name = Debug;
		};
		7CE584F224B1F19400281866 /* Release */ = {
			isa = XCBuildConfiguration;
			buildSettings = {
				ALWAYS_SEARCH_USER_PATHS = NO;
				CLANG_ANALYZER_NONNULL = YES;
				CLANG_ANALYZER_NUMBER_OBJECT_CONVERSION = YES_AGGRESSIVE;
				CLANG_CXX_LANGUAGE_STANDARD = "gnu++14";
				CLANG_CXX_LIBRARY = "libc++";
				CLANG_ENABLE_MODULES = YES;
				CLANG_ENABLE_OBJC_ARC = YES;
				CLANG_ENABLE_OBJC_WEAK = YES;
				CLANG_WARN_BLOCK_CAPTURE_AUTORELEASING = YES;
				CLANG_WARN_BOOL_CONVERSION = YES;
				CLANG_WARN_COMMA = YES;
				CLANG_WARN_CONSTANT_CONVERSION = YES;
				CLANG_WARN_DEPRECATED_OBJC_IMPLEMENTATIONS = YES;
				CLANG_WARN_DIRECT_OBJC_ISA_USAGE = YES_ERROR;
				CLANG_WARN_DOCUMENTATION_COMMENTS = YES;
				CLANG_WARN_EMPTY_BODY = YES;
				CLANG_WARN_ENUM_CONVERSION = YES;
				CLANG_WARN_INFINITE_RECURSION = YES;
				CLANG_WARN_INT_CONVERSION = YES;
				CLANG_WARN_NON_LITERAL_NULL_CONVERSION = YES;
				CLANG_WARN_OBJC_IMPLICIT_RETAIN_SELF = YES;
				CLANG_WARN_OBJC_LITERAL_CONVERSION = YES;
				CLANG_WARN_OBJC_ROOT_CLASS = YES_ERROR;
				CLANG_WARN_RANGE_LOOP_ANALYSIS = YES;
				CLANG_WARN_STRICT_PROTOTYPES = YES;
				CLANG_WARN_SUSPICIOUS_MOVE = YES;
				CLANG_WARN_UNGUARDED_AVAILABILITY = YES_AGGRESSIVE;
				CLANG_WARN_UNREACHABLE_CODE = YES;
				CLANG_WARN__DUPLICATE_METHOD_MATCH = YES;
				COPY_PHASE_STRIP = NO;
				DEBUG_INFORMATION_FORMAT = "dwarf-with-dsym";
				ENABLE_NS_ASSERTIONS = NO;
				ENABLE_STRICT_OBJC_MSGSEND = YES;
				GCC_C_LANGUAGE_STANDARD = gnu11;
				GCC_NO_COMMON_BLOCKS = YES;
				GCC_WARN_64_TO_32_BIT_CONVERSION = YES;
				GCC_WARN_ABOUT_RETURN_TYPE = YES_ERROR;
				GCC_WARN_UNDECLARED_SELECTOR = YES;
				GCC_WARN_UNINITIALIZED_AUTOS = YES_AGGRESSIVE;
				GCC_WARN_UNUSED_FUNCTION = YES;
				GCC_WARN_UNUSED_VARIABLE = YES;
				IPHONEOS_DEPLOYMENT_TARGET = 13.4;
				MTL_ENABLE_DEBUG_INFO = NO;
				MTL_FAST_MATH = YES;
				SDKROOT = iphoneos;
				SWIFT_COMPILATION_MODE = wholemodule;
				SWIFT_OPTIMIZATION_LEVEL = "-O";
				VALIDATE_PRODUCT = YES;
			};
			name = Release;
		};
		7CE584F424B1F19400281866 /* Debug */ = {
			isa = XCBuildConfiguration;
			buildSettings = {
				ASSETCATALOG_COMPILER_APPICON_NAME = AppIcon;
				CODE_SIGN_STYLE = Automatic;
				INFOPLIST_FILE = YoutubeApp/Info.plist;
				LD_RUNPATH_SEARCH_PATHS = (
					"$(inherited)",
					"@executable_path/Frameworks",
				);
				PRODUCT_BUNDLE_IDENTIFIER = Uske.YoutubeApp;
				PRODUCT_NAME = "$(TARGET_NAME)";
				SWIFT_VERSION = 5.0;
				TARGETED_DEVICE_FAMILY = "1,2";
			};
			name = Debug;
		};
		7CE584F524B1F19400281866 /* Release */ = {
			isa = XCBuildConfiguration;
			buildSettings = {
				ASSETCATALOG_COMPILER_APPICON_NAME = AppIcon;
				CODE_SIGN_STYLE = Automatic;
				INFOPLIST_FILE = YoutubeApp/Info.plist;
				LD_RUNPATH_SEARCH_PATHS = (
					"$(inherited)",
					"@executable_path/Frameworks",
				);
				PRODUCT_BUNDLE_IDENTIFIER = Uske.YoutubeApp;
				PRODUCT_NAME = "$(TARGET_NAME)";
				SWIFT_VERSION = 5.0;
				TARGETED_DEVICE_FAMILY = "1,2";
			};
			name = Release;
		};
		7CE584F724B1F19400281866 /* Debug */ = {
			isa = XCBuildConfiguration;
			buildSettings = {
				ALWAYS_EMBED_SWIFT_STANDARD_LIBRARIES = YES;
				BUNDLE_LOADER = "$(TEST_HOST)";
				CODE_SIGN_STYLE = Automatic;
				INFOPLIST_FILE = YoutubeAppTests/Info.plist;
				IPHONEOS_DEPLOYMENT_TARGET = 13.4;
				LD_RUNPATH_SEARCH_PATHS = (
					"$(inherited)",
					"@executable_path/Frameworks",
					"@loader_path/Frameworks",
				);
				PRODUCT_BUNDLE_IDENTIFIER = Uske.YoutubeAppTests;
				PRODUCT_NAME = "$(TARGET_NAME)";
				SWIFT_VERSION = 5.0;
				TARGETED_DEVICE_FAMILY = "1,2";
				TEST_HOST = "$(BUILT_PRODUCTS_DIR)/YoutubeApp.app/YoutubeApp";
			};
			name = Debug;
		};
		7CE584F824B1F19400281866 /* Release */ = {
			isa = XCBuildConfiguration;
			buildSettings = {
				ALWAYS_EMBED_SWIFT_STANDARD_LIBRARIES = YES;
				BUNDLE_LOADER = "$(TEST_HOST)";
				CODE_SIGN_STYLE = Automatic;
				INFOPLIST_FILE = YoutubeAppTests/Info.plist;
				IPHONEOS_DEPLOYMENT_TARGET = 13.4;
				LD_RUNPATH_SEARCH_PATHS = (
					"$(inherited)",
					"@executable_path/Frameworks",
					"@loader_path/Frameworks",
				);
				PRODUCT_BUNDLE_IDENTIFIER = Uske.YoutubeAppTests;
				PRODUCT_NAME = "$(TARGET_NAME)";
				SWIFT_VERSION = 5.0;
				TARGETED_DEVICE_FAMILY = "1,2";
				TEST_HOST = "$(BUILT_PRODUCTS_DIR)/YoutubeApp.app/YoutubeApp";
			};
			name = Release;
		};
		7CE584FA24B1F19400281866 /* Debug */ = {
			isa = XCBuildConfiguration;
			buildSettings = {
				ALWAYS_EMBED_SWIFT_STANDARD_LIBRARIES = YES;
				CODE_SIGN_STYLE = Automatic;
				INFOPLIST_FILE = YoutubeAppUITests/Info.plist;
				LD_RUNPATH_SEARCH_PATHS = (
					"$(inherited)",
					"@executable_path/Frameworks",
					"@loader_path/Frameworks",
				);
				PRODUCT_BUNDLE_IDENTIFIER = Uske.YoutubeAppUITests;
				PRODUCT_NAME = "$(TARGET_NAME)";
				SWIFT_VERSION = 5.0;
				TARGETED_DEVICE_FAMILY = "1,2";
				TEST_TARGET_NAME = YoutubeApp;
			};
			name = Debug;
		};
		7CE584FB24B1F19400281866 /* Release */ = {
			isa = XCBuildConfiguration;
			buildSettings = {
				ALWAYS_EMBED_SWIFT_STANDARD_LIBRARIES = YES;
				CODE_SIGN_STYLE = Automatic;
				INFOPLIST_FILE = YoutubeAppUITests/Info.plist;
				LD_RUNPATH_SEARCH_PATHS = (
					"$(inherited)",
					"@executable_path/Frameworks",
					"@loader_path/Frameworks",
				);
				PRODUCT_BUNDLE_IDENTIFIER = Uske.YoutubeAppUITests;
				PRODUCT_NAME = "$(TARGET_NAME)";
				SWIFT_VERSION = 5.0;
				TARGETED_DEVICE_FAMILY = "1,2";
				TEST_TARGET_NAME = YoutubeApp;
			};
			name = Release;
		};
/* End XCBuildConfiguration section */

/* Begin XCConfigurationList section */
		7CE584C424B1F19300281866 /* Build configuration list for PBXProject "YoutubeApp" */ = {
			isa = XCConfigurationList;
			buildConfigurations = (
				7CE584F124B1F19400281866 /* Debug */,
				7CE584F224B1F19400281866 /* Release */,
			);
			defaultConfigurationIsVisible = 0;
			defaultConfigurationName = Release;
		};
		7CE584F324B1F19400281866 /* Build configuration list for PBXNativeTarget "YoutubeApp" */ = {
			isa = XCConfigurationList;
			buildConfigurations = (
				7CE584F424B1F19400281866 /* Debug */,
				7CE584F524B1F19400281866 /* Release */,
			);
			defaultConfigurationIsVisible = 0;
			defaultConfigurationName = Release;
		};
		7CE584F624B1F19400281866 /* Build configuration list for PBXNativeTarget "YoutubeAppTests" */ = {
			isa = XCConfigurationList;
			buildConfigurations = (
				7CE584F724B1F19400281866 /* Debug */,
				7CE584F824B1F19400281866 /* Release */,
			);
			defaultConfigurationIsVisible = 0;
			defaultConfigurationName = Release;
		};
		7CE584F924B1F19400281866 /* Build configuration list for PBXNativeTarget "YoutubeAppUITests" */ = {
			isa = XCConfigurationList;
			buildConfigurations = (
				7CE584FA24B1F19400281866 /* Debug */,
				7CE584FB24B1F19400281866 /* Release */,
			);
			defaultConfigurationIsVisible = 0;
			defaultConfigurationName = Release;
		};
/* End XCConfigurationList section */
	};
	rootObject = 7CE584C124B1F19300281866 /* Project object */;
}
